
Microsoft Visual Studio Solution File, Format Version 12.00
# Visual Studio 15
VisualStudioVersion = 15.0.28307.329
MinimumVisualStudioVersion = 10.0.40219.1
Project("{FAE04EC0-301F-11D3-BF4B-00C04F79EFBC}") = "EFCoreTutorials", "EFCoreTutorials\EFCoreTutorials.csproj", "{2B26715E-F195-4BBD-97FD-75E7D59B7C0E}"
EndProject
Global
	GlobalSection(SolutionConfigurationPlatforms) = preSolution
		Debug|Any CPU = Debug|Any CPU
		Release|Any CPU = Release|Any CPU
	EndGlobalSection
	GlobalSection(ProjectConfigurationPlatforms) = postSolution
		{2B26715E-F195-4BBD-97FD-75E7D59B7C0E}.Debug|Any CPU.ActiveCfg = Debug|Any CPU
		{2B26715E-F195-4BBD-97FD-75E7D59B7C0E}.Debug|Any CPU.Build.0 = Debug|Any CPU
		{2B26715E-F195-4BBD-97FD-75E7D59B7C0E}.Release|Any CPU.ActiveCfg = Release|Any CPU
		{2B26715E-F195-4BBD-97FD-75E7D59B7C0E}.Release|Any CPU.Build.0 = Release|Any CPU
	EndGlobalSection
	GlobalSection(SolutionProperties) = preSolution
		HideSolutionNode = FALSE
	EndGlobalSection
	GlobalSection(ExtensibilityGlobals) = postSolution
		SolutionGuid = {5A05BB01-4037-4E97-8B68-A4E9424F009B}
	EndGlobalSection
EndGlobal
